
Microsoft Visual Studio Solution File, Format Version 10.00
# Visual C++ Express 2008
Project("{8BC9CEB8-8B4A-11D0-8D11-00A0C91BC942}") = "WindowsJavaSSLauncher", "WindowsJavaSSLauncher\WindowsJavaSSLauncher.vcproj", "{2D7AEF3E-301A-47C5-AB7A-F31FF115AFE2}"
EndProject
Global
	GlobalSection(SolutionConfigurationPlatforms) = preSolution
		Debug|Win32 = Debug|Win32
		Release|Win32 = Release|Win32
	EndGlobalSection
	GlobalSection(ProjectConfigurationPlatforms) = postSolution
		{2D7AEF3E-301A-47C5-AB7A-F31FF115AFE2}.Debug|Win32.ActiveCfg = Debug|Win32
		{2D7AEF3E-301A-47C5-AB7A-F31FF115AFE2}.Debug|Win32.Build.0 = Debug|Win32
		{2D7AEF3E-301A-47C5-AB7A-F31FF115AFE2}.Release|Win32.ActiveCfg = Release|Win32
		{2D7AEF3E-301A-47C5-AB7A-F31FF115AFE2}.Release|Win32.Build.0 = Release|Win32
	EndGlobalSection
	GlobalSection(SolutionProperties) = preSolution
		HideSolutionNode = FALSE
	EndGlobalSection
EndGlobal
